Microsoft Visual Studio Solution File, Format Version 12.00
# Visual Studio 15
VisualStudioVersion = 15.0.26730.16
MinimumVisualStudioVersion = 10.0.40219.1
Project("{FAE04EC0-301F-11D3-BF4B-00C04F79EFBC}") = "LogWebAPI", "LogWebAPI\LogWebAPI.csproj", "{D9109DF6-0025-4D07-8EE0-A6C2BA2C464B}"
EndProject
Global
	GlobalSection(SolutionConfigurationPlatforms) = preSolution
		Debug|Any CPU = Debug|Any CPU
		Release|Any CPU = Release|Any CPU
	EndGlobalSection
	GlobalSection(ProjectConfigurationPlatforms) = postSolution
		{D9109DF6-0025-4D07-8EE0-A6C2BA2C464B}.Debug|Any CPU.ActiveCfg = Debug|Any CPU
		{D9109DF6-0025-4D07-8EE0-A6C2BA2C464B}.Debug|Any CPU.Build.0 = Debug|Any CPU
		{D9109DF6-0025-4D07-8EE0-A6C2BA2C464B}.Release|Any CPU.ActiveCfg = Release|Any CPU
		{D9109DF6-0025-4D07-8EE0-A6C2BA2C464B}.Release|Any CPU.Build.0 = Release|Any CPU
	EndGlobalSection
	GlobalSection(SolutionProperties) = preSolution
		HideSolutionNode = FALSE
	EndGlobalSection
	GlobalSection(ExtensibilityGlobals) = postSolution
		SolutionGuid = {BB7B270C-29CB-4A47-9A18-F375A4F0042E}
	EndGlobalSection
EndGlobal